
Microsoft Visual Studio Solution File, Format Version 12.00
# Visual Studio Version 16
VisualStudioVersion = 16.0.30611.23
MinimumVisualStudioVersion = 10.0.40219.1
Project("{FAE04EC0-301F-11D3-BF4B-00C04F79EFBC}") = "appWeb.Common", "appWeb.Common\appWeb.Common.csproj", "{55A93E9E-BF6A-4DDB-93F0-E7ADF36F0577}"
EndProject
Project("{FAE04EC0-301F-11D3-BF4B-00C04F79EFBC}") = "appWeb.Web", "appWeb.Web\appWeb.Web.csproj", "{09743E7D-9116-4EBA-BC32-1FA2886A5175}"
EndProject
Global
	GlobalSection(SolutionConfigurationPlatforms) = preSolution
		Debug|Any CPU = Debug|Any CPU
		Release|Any CPU = Release|Any CPU
	EndGlobalSection
	GlobalSection(ProjectConfigurationPlatforms) = postSolution
		{55A93E9E-BF6A-4DDB-93F0-E7ADF36F0577}.Debug|Any CPU.ActiveCfg = Debug|Any CPU
		{55A93E9E-BF6A-4DDB-93F0-E7ADF36F0577}.Debug|Any CPU.Build.0 = Debug|Any CPU
		{55A93E9E-BF6A-4DDB-93F0-E7ADF36F0577}.Release|Any CPU.ActiveCfg = Release|Any CPU
		{55A93E9E-BF6A-4DDB-93F0-E7ADF36F0577}.Release|Any CPU.Build.0 = Release|Any CPU
		{09743E7D-9116-4EBA-BC32-1FA2886A5175}.Debug|Any CPU.ActiveCfg = Debug|Any CPU
		{09743E7D-9116-4EBA-BC32-1FA2886A5175}.Debug|Any CPU.Build.0 = Debug|Any CPU
		{09743E7D-9116-4EBA-BC32-1FA2886A5175}.Release|Any CPU.ActiveCfg = Release|Any CPU
		{09743E7D-9116-4EBA-BC32-1FA2886A5175}.Release|Any CPU.Build.0 = Release|Any CPU
	EndGlobalSection
	GlobalSection(SolutionProperties) = preSolution
		HideSolutionNode = FALSE
	EndGlobalSection
	GlobalSection(ExtensibilityGlobals) = postSolution
		SolutionGuid = {4EEBAE9E-9759-4539-8D4A-22944F2D37CE}
	EndGlobalSection
EndGlobal
